
Microsoft Visual Studio Solution File, Format Version 12.00
# Visual Studio 15
VisualStudioVersion = 15.0.28010.2046
MinimumVisualStudioVersion = 10.0.40219.1
Project("{FAE04EC0-301F-11D3-BF4B-00C04F79EFBC}") = "ConsoleApp21", "ConsoleApp21\ConsoleApp21.csproj", "{5A5EC1C5-C98C-401D-901D-3F1D1EE7D5E6}"
EndProject
Global
	GlobalSection(SolutionConfigurationPlatforms) = preSolution
		Debug|Any CPU = Debug|Any CPU
		Release|Any CPU = Release|Any CPU
	EndGlobalSection
	GlobalSection(ProjectConfigurationPlatforms) = postSolution
		{5A5EC1C5-C98C-401D-901D-3F1D1EE7D5E6}.Debug|Any CPU.ActiveCfg = Debug|Any CPU
		{5A5EC1C5-C98C-401D-901D-3F1D1EE7D5E6}.Debug|Any CPU.Build.0 = Debug|Any CPU
		{5A5EC1C5-C98C-401D-901D-3F1D1EE7D5E6}.Release|Any CPU.ActiveCfg = Release|Any CPU
		{5A5EC1C5-C98C-401D-901D-3F1D1EE7D5E6}.Release|Any CPU.Build.0 = Release|Any CPU
	EndGlobalSection
	GlobalSection(SolutionProperties) = preSolution
		HideSolutionNode = FALSE
	EndGlobalSection
	GlobalSection(ExtensibilityGlobals) = postSolution
		SolutionGuid = {494D0D6D-E1FA-4F4F-8040-899034056625}
	EndGlobalSection
EndGlobal
